
Microsoft Visual Studio Solution File, Format Version 12.00
# Visual Studio Version 17
VisualStudioVersion = 17.9.34622.214
MinimumVisualStudioVersion = 10.0.40219.1
Project("{8BC9CEB8-8B4A-11D0-8D11-00A0C91BC942}") = "ejerciciolibrerias", "ejerciciolibrerias.vcxproj", "{DD54D84E-8A59-4967-B2E9-995B7E2427EE}"
EndProject
Global
	GlobalSection(SolutionConfigurationPlatforms) = preSolution
		Debug|x64 = Debug|x64
		Debug|x86 = Debug|x86
		Release|x64 = Release|x64
		Release|x86 = Release|x86
	EndGlobalSection
	GlobalSection(ProjectConfigurationPlatforms) = postSolution
		{DD54D84E-8A59-4967-B2E9-995B7E2427EE}.Debug|x64.ActiveCfg = Debug|x64
		{DD54D84E-8A59-4967-B2E9-995B7E2427EE}.Debug|x64.Build.0 = Debug|x64
		{DD54D84E-8A59-4967-B2E9-995B7E2427EE}.Debug|x86.ActiveCfg = Debug|Win32
		{DD54D84E-8A59-4967-B2E9-995B7E2427EE}.Debug|x86.Build.0 = Debug|Win32
		{DD54D84E-8A59-4967-B2E9-995B7E2427EE}.Release|x64.ActiveCfg = Release|x64
		{DD54D84E-8A59-4967-B2E9-995B7E2427EE}.Release|x64.Build.0 = Release|x64
		{DD54D84E-8A59-4967-B2E9-995B7E2427EE}.Release|x86.ActiveCfg = Release|Win32
		{DD54D84E-8A59-4967-B2E9-995B7E2427EE}.Release|x86.Build.0 = Release|Win32
	EndGlobalSection
	GlobalSection(SolutionProperties) = preSolution
		HideSolutionNode = FALSE
	EndGlobalSection
	GlobalSection(ExtensibilityGlobals) = postSolution
		SolutionGuid = {9A77EF8B-0A84-4800-9355-68E3AE365D78}
	EndGlobalSection
EndGlobal
